
Microsoft Visual Studio Solution File, Format Version 12.00
# Visual Studio Version 17
VisualStudioVersion = 17.0.32126.317
MinimumVisualStudioVersion = 10.0.40219.1
Project("{FAE04EC0-301F-11D3-BF4B-00C04F79EFBC}") = "GiftSender", "GiftSender.csproj", "{8946E1E5-CD01-463D-A8D7-BAF3DCEECCF7}"
EndProject
Global
	GlobalSection(SolutionConfigurationPlatforms) = preSolution
		Debug|Any CPU = Debug|Any CPU
		Release|Any CPU = Release|Any CPU
	EndGlobalSection
	GlobalSection(ProjectConfigurationPlatforms) = postSolution
		{8946E1E5-CD01-463D-A8D7-BAF3DCEECCF7}.Debug|Any CPU.ActiveCfg = Debug|Any CPU
		{8946E1E5-CD01-463D-A8D7-BAF3DCEECCF7}.Debug|Any CPU.Build.0 = Debug|Any CPU
		{8946E1E5-CD01-463D-A8D7-BAF3DCEECCF7}.Release|Any CPU.ActiveCfg = Release|Any CPU
		{8946E1E5-CD01-463D-A8D7-BAF3DCEECCF7}.Release|Any CPU.Build.0 = Release|Any CPU
	EndGlobalSection
	GlobalSection(SolutionProperties) = preSolution
		HideSolutionNode = FALSE
	EndGlobalSection
	GlobalSection(ExtensibilityGlobals) = postSolution
		SolutionGuid = {32773B94-7A89-4FBB-AF3B-ED9A39D19E00}
	EndGlobalSection
EndGlobal
